
Microsoft Visual Studio Solution File, Format Version 12.00
# Visual Studio Version 17
Project("{8BC9CEB8-8B4A-11D0-8D11-00A0C91BC942}") = "ALL_BUILD", "ALL_BUILD.vcxproj", "{768DB081-A7B5-3351-911B-0EBD5ED3BC4C}"
	ProjectSection(ProjectDependencies) = postProject
		{2707BA8A-A282-34EA-B2F4-0EFFC4B2F632} = {2707BA8A-A282-34EA-B2F4-0EFFC4B2F632}
		{6A5AEF97-4854-3EEF-AB3E-175D43B287DA} = {6A5AEF97-4854-3EEF-AB3E-175D43B287DA}
		{DAF8EEF1-1516-3BF9-A8BE-53E04F81FF96} = {DAF8EEF1-1516-3BF9-A8BE-53E04F81FF96}
		{9F66EFE0-83A8-3DF9-A74E-145016C9B8AE} = {9F66EFE0-83A8-3DF9-A74E-145016C9B8AE}
		{DF258EBE-E5B6-3766-937C-04F10F31ED9D} = {DF258EBE-E5B6-3766-937C-04F10F31ED9D}
	EndProjectSection
EndProject
Project("{8BC9CEB8-8B4A-11D0-8D11-00A0C91BC942}") = "Detour", "fgame_detour\Detour.vcxproj", "{2707BA8A-A282-34EA-B2F4-0EFFC4B2F632}"
	ProjectSection(ProjectDependencies) = postProject
		{9F66EFE0-83A8-3DF9-A74E-145016C9B8AE} = {9F66EFE0-83A8-3DF9-A74E-145016C9B8AE}
	EndProjectSection
EndProject
Project("{8BC9CEB8-8B4A-11D0-8D11-00A0C91BC942}") = "DetourCrowd", "fgame_detour_crowd\DetourCrowd.vcxproj", "{6A5AEF97-4854-3EEF-AB3E-175D43B287DA}"
	ProjectSection(ProjectDependencies) = postProject
		{2707BA8A-A282-34EA-B2F4-0EFFC4B2F632} = {2707BA8A-A282-34EA-B2F4-0EFFC4B2F632}
		{9F66EFE0-83A8-3DF9-A74E-145016C9B8AE} = {9F66EFE0-83A8-3DF9-A74E-145016C9B8AE}
	EndProjectSection
EndProject
Project("{8BC9CEB8-8B4A-11D0-8D11-00A0C91BC942}") = "INSTALL", "INSTALL.vcxproj", "{C5C03BB5-6638-37E3-8CAA-5F93B1F1F138}"
	ProjectSection(ProjectDependencies) = postProject
		{768DB081-A7B5-3351-911B-0EBD5ED3BC4C} = {768DB081-A7B5-3351-911B-0EBD5ED3BC4C}
		{9F66EFE0-83A8-3DF9-A74E-145016C9B8AE} = {9F66EFE0-83A8-3DF9-A74E-145016C9B8AE}
	EndProjectSection
EndProject
Project("{8BC9CEB8-8B4A-11D0-8D11-00A0C91BC942}") = "Recast", "fgame_recast\Recast.vcxproj", "{DAF8EEF1-1516-3BF9-A8BE-53E04F81FF96}"
	ProjectSection(ProjectDependencies) = postProject
		{9F66EFE0-83A8-3DF9-A74E-145016C9B8AE} = {9F66EFE0-83A8-3DF9-A74E-145016C9B8AE}
	EndProjectSection
EndProject
Project("{8BC9CEB8-8B4A-11D0-8D11-00A0C91BC942}") = "ZERO_CHECK", "..\..\..\\ZERO_CHECK.vcxproj", "{9F66EFE0-83A8-3DF9-A74E-145016C9B8AE}"
	ProjectSection(ProjectDependencies) = postProject
	EndProjectSection
EndProject
Project("{8BC9CEB8-8B4A-11D0-8D11-00A0C91BC942}") = "fgame", "fgame.vcxproj", "{DF258EBE-E5B6-3766-937C-04F10F31ED9D}"
	ProjectSection(ProjectDependencies) = postProject
		{2707BA8A-A282-34EA-B2F4-0EFFC4B2F632} = {2707BA8A-A282-34EA-B2F4-0EFFC4B2F632}
		{6A5AEF97-4854-3EEF-AB3E-175D43B287DA} = {6A5AEF97-4854-3EEF-AB3E-175D43B287DA}
		{DAF8EEF1-1516-3BF9-A8BE-53E04F81FF96} = {DAF8EEF1-1516-3BF9-A8BE-53E04F81FF96}
		{9F66EFE0-83A8-3DF9-A74E-145016C9B8AE} = {9F66EFE0-83A8-3DF9-A74E-145016C9B8AE}
	EndProjectSection
EndProject
Global
	GlobalSection(SolutionConfigurationPlatforms) = preSolution
		Debug|x64 = Debug|x64
		Release|x64 = Release|x64
		MinSizeRel|x64 = MinSizeRel|x64
		RelWithDebInfo|x64 = RelWithDebInfo|x64
	EndGlobalSection
	GlobalSection(ProjectConfigurationPlatforms) = postSolution
		{768DB081-A7B5-3351-911B-0EBD5ED3BC4C}.Debug|x64.ActiveCfg = Debug|x64
		{768DB081-A7B5-3351-911B-0EBD5ED3BC4C}.Debug|x64.Build.0 = Debug|x64
		{768DB081-A7B5-3351-911B-0EBD5ED3BC4C}.Release|x64.ActiveCfg = Release|x64
		{768DB081-A7B5-3351-911B-0EBD5ED3BC4C}.Release|x64.Build.0 = Release|x64
		{768DB081-A7B5-3351-911B-0EBD5ED3BC4C}.MinSizeRel|x64.ActiveCfg = MinSizeRel|x64
		{768DB081-A7B5-3351-911B-0EBD5ED3BC4C}.MinSizeRel|x64.Build.0 = MinSizeRel|x64
		{768DB081-A7B5-3351-911B-0EBD5ED3BC4C}.RelWithDebInfo|x64.ActiveCfg = RelWithDebInfo|x64
		{768DB081-A7B5-3351-911B-0EBD5ED3BC4C}.RelWithDebInfo|x64.Build.0 = RelWithDebInfo|x64
		{2707BA8A-A282-34EA-B2F4-0EFFC4B2F632}.Debug|x64.ActiveCfg = Debug|x64
		{2707BA8A-A282-34EA-B2F4-0EFFC4B2F632}.Debug|x64.Build.0 = Debug|x64
		{2707BA8A-A282-34EA-B2F4-0EFFC4B2F632}.Release|x64.ActiveCfg = Release|x64
		{2707BA8A-A282-34EA-B2F4-0EFFC4B2F632}.Release|x64.Build.0 = Release|x64
		{2707BA8A-A282-34EA-B2F4-0EFFC4B2F632}.MinSizeRel|x64.ActiveCfg = MinSizeRel|x64
		{2707BA8A-A282-34EA-B2F4-0EFFC4B2F632}.MinSizeRel|x64.Build.0 = MinSizeRel|x64
		{2707BA8A-A282-34EA-B2F4-0EFFC4B2F632}.RelWithDebInfo|x64.ActiveCfg = RelWithDebInfo|x64
		{2707BA8A-A282-34EA-B2F4-0EFFC4B2F632}.RelWithDebInfo|x64.Build.0 = RelWithDebInfo|x64
		{6A5AEF97-4854-3EEF-AB3E-175D43B287DA}.Debug|x64.ActiveCfg = Debug|x64
		{6A5AEF97-4854-3EEF-AB3E-175D43B287DA}.Debug|x64.Build.0 = Debug|x64
		{6A5AEF97-4854-3EEF-AB3E-175D43B287DA}.Release|x64.ActiveCfg = Release|x64
		{6A5AEF97-4854-3EEF-AB3E-175D43B287DA}.Release|x64.Build.0 = Release|x64
		{6A5AEF97-4854-3EEF-AB3E-175D43B287DA}.MinSizeRel|x64.ActiveCfg = MinSizeRel|x64
		{6A5AEF97-4854-3EEF-AB3E-175D43B287DA}.MinSizeRel|x64.Build.0 = MinSizeRel|x64
		{6A5AEF97-4854-3EEF-AB3E-175D43B287DA}.RelWithDebInfo|x64.ActiveCfg = RelWithDebInfo|x64
		{6A5AEF97-4854-3EEF-AB3E-175D43B287DA}.RelWithDebInfo|x64.Build.0 = RelWithDebInfo|x64
		{C5C03BB5-6638-37E3-8CAA-5F93B1F1F138}.Debug|x64.ActiveCfg = Debug|x64
		{C5C03BB5-6638-37E3-8CAA-5F93B1F1F138}.Release|x64.ActiveCfg = Release|x64
		{C5C03BB5-6638-37E3-8CAA-5F93B1F1F138}.MinSizeRel|x64.ActiveCfg = MinSizeRel|x64
		{C5C03BB5-6638-37E3-8CAA-5F93B1F1F138}.RelWithDebInfo|x64.ActiveCfg = RelWithDebInfo|x64
		{DAF8EEF1-1516-3BF9-A8BE-53E04F81FF96}.Debug|x64.ActiveCfg = Debug|x64
		{DAF8EEF1-1516-3BF9-A8BE-53E04F81FF96}.Debug|x64.Build.0 = Debug|x64
		{DAF8EEF1-1516-3BF9-A8BE-53E04F81FF96}.Release|x64.ActiveCfg = Release|x64
		{DAF8EEF1-1516-3BF9-A8BE-53E04F81FF96}.Release|x64.Build.0 = Release|x64
		{DAF8EEF1-1516-3BF9-A8BE-53E04F81FF96}.MinSizeRel|x64.ActiveCfg = MinSizeRel|x64
		{DAF8EEF1-1516-3BF9-A8BE-53E04F81FF96}.MinSizeRel|x64.Build.0 = MinSizeRel|x64
		{DAF8EEF1-1516-3BF9-A8BE-53E04F81FF96}.RelWithDebInfo|x64.ActiveCfg = RelWithDebInfo|x64
		{DAF8EEF1-1516-3BF9-A8BE-53E04F81FF96}.RelWithDebInfo|x64.Build.0 = RelWithDebInfo|x64
		{9F66EFE0-83A8-3DF9-A74E-145016C9B8AE}.Debug|x64.ActiveCfg = Debug|x64
		{9F66EFE0-83A8-3DF9-A74E-145016C9B8AE}.Debug|x64.Build.0 = Debug|x64
		{9F66EFE0-83A8-3DF9-A74E-145016C9B8AE}.Release|x64.ActiveCfg = Release|x64
		{9F66EFE0-83A8-3DF9-A74E-145016C9B8AE}.Release|x64.Build.0 = Release|x64
		{9F66EFE0-83A8-3DF9-A74E-145016C9B8AE}.MinSizeRel|x64.ActiveCfg = MinSizeRel|x64
		{9F66EFE0-83A8-3DF9-A74E-145016C9B8AE}.MinSizeRel|x64.Build.0 = MinSizeRel|x64
		{9F66EFE0-83A8-3DF9-A74E-145016C9B8AE}.RelWithDebInfo|x64.ActiveCfg = RelWithDebInfo|x64
		{9F66EFE0-83A8-3DF9-A74E-145016C9B8AE}.RelWithDebInfo|x64.Build.0 = RelWithDebInfo|x64
		{DF258EBE-E5B6-3766-937C-04F10F31ED9D}.Debug|x64.ActiveCfg = Debug|x64
		{DF258EBE-E5B6-3766-937C-04F10F31ED9D}.Debug|x64.Build.0 = Debug|x64
		{DF258EBE-E5B6-3766-937C-04F10F31ED9D}.Release|x64.ActiveCfg = Release|x64
		{DF258EBE-E5B6-3766-937C-04F10F31ED9D}.Release|x64.Build.0 = Release|x64
		{DF258EBE-E5B6-3766-937C-04F10F31ED9D}.MinSizeRel|x64.ActiveCfg = MinSizeRel|x64
		{DF258EBE-E5B6-3766-937C-04F10F31ED9D}.MinSizeRel|x64.Build.0 = MinSizeRel|x64
		{DF258EBE-E5B6-3766-937C-04F10F31ED9D}.RelWithDebInfo|x64.ActiveCfg = RelWithDebInfo|x64
		{DF258EBE-E5B6-3766-937C-04F10F31ED9D}.RelWithDebInfo|x64.Build.0 = RelWithDebInfo|x64
	EndGlobalSection
	GlobalSection(ExtensibilityGlobals) = postSolution
		SolutionGuid = {35297E39-31D2-3D91-A98A-455EBE844B0D}
	EndGlobalSection
	GlobalSection(ExtensibilityAddIns) = postSolution
	EndGlobalSection
EndGlobal
