
Microsoft Visual Studio Solution File, Format Version 10.00
# Visual C++ Express 2008
Project("{8BC9CEB8-8B4A-11D0-8D11-00A0C91BC942}") = "openmohaa", "openmohaa.vcproj", "{87B6AE0B-3DF2-4DA3-8DB4-A0CECD506948}"
EndProject
Project("{8BC9CEB8-8B4A-11D0-8D11-00A0C91BC942}") = "cgame", "..\cgame\cgame.vcproj", "{FA29D44A-C114-4F4B-8AED-F2F4908FC055}"
EndProject
Project("{8BC9CEB8-8B4A-11D0-8D11-00A0C91BC942}") = "game", "..\game\game.vcproj", "{4266EB46-8D94-4FE7-85FD-05F31BBF9948}"
EndProject
Project("{8BC9CEB8-8B4A-11D0-8D11-00A0C91BC942}") = "cgame_hook", "..\cgame_hook\cgame_hook.vcproj", "{789E2601-847C-4D92-8672-FC5A80C9FE34}"
EndProject
Project("{8BC9CEB8-8B4A-11D0-8D11-00A0C91BC942}") = "omohaaded", "..\omohaaded\omohaaded.vcproj", "{767C5ABD-E9D5-4B32-87F6-5AC14EAD9A52}"
EndProject
Project("{8BC9CEB8-8B4A-11D0-8D11-00A0C91BC942}") = "testutils", "..\testutils\testutils.vcproj", "{28BF6B7F-DFC7-41C8-9B17-469E3EB9295B}"
EndProject
Project("{8BC9CEB8-8B4A-11D0-8D11-00A0C91BC942}") = "ui", "ui\ui.vcproj", "{11AD914F-6DCC-4CD5-B9D8-285750E7B3D5}"
EndProject
Global
	GlobalSection(SolutionConfigurationPlatforms) = preSolution
		Debug|Win32 = Debug|Win32
		Release|Win32 = Release|Win32
	EndGlobalSection
	GlobalSection(ProjectConfigurationPlatforms) = postSolution
		{87B6AE0B-3DF2-4DA3-8DB4-A0CECD506948}.Debug|Win32.ActiveCfg = Debug|Win32
		{87B6AE0B-3DF2-4DA3-8DB4-A0CECD506948}.Debug|Win32.Build.0 = Debug|Win32
		{87B6AE0B-3DF2-4DA3-8DB4-A0CECD506948}.Release|Win32.ActiveCfg = Release|Win32
		{87B6AE0B-3DF2-4DA3-8DB4-A0CECD506948}.Release|Win32.Build.0 = Release|Win32
		{FA29D44A-C114-4F4B-8AED-F2F4908FC055}.Debug|Win32.ActiveCfg = Debug|Win32
		{FA29D44A-C114-4F4B-8AED-F2F4908FC055}.Debug|Win32.Build.0 = Debug|Win32
		{FA29D44A-C114-4F4B-8AED-F2F4908FC055}.Release|Win32.ActiveCfg = Release|Win32
		{FA29D44A-C114-4F4B-8AED-F2F4908FC055}.Release|Win32.Build.0 = Release|Win32
		{4266EB46-8D94-4FE7-85FD-05F31BBF9948}.Debug|Win32.ActiveCfg = Debug|Win32
		{4266EB46-8D94-4FE7-85FD-05F31BBF9948}.Debug|Win32.Build.0 = Debug|Win32
		{4266EB46-8D94-4FE7-85FD-05F31BBF9948}.Release|Win32.ActiveCfg = Release|Win32
		{4266EB46-8D94-4FE7-85FD-05F31BBF9948}.Release|Win32.Build.0 = Release|Win32
		{789E2601-847C-4D92-8672-FC5A80C9FE34}.Debug|Win32.ActiveCfg = Debug|Win32
		{789E2601-847C-4D92-8672-FC5A80C9FE34}.Debug|Win32.Build.0 = Debug|Win32
		{789E2601-847C-4D92-8672-FC5A80C9FE34}.Release|Win32.ActiveCfg = Release|Win32
		{789E2601-847C-4D92-8672-FC5A80C9FE34}.Release|Win32.Build.0 = Release|Win32
		{767C5ABD-E9D5-4B32-87F6-5AC14EAD9A52}.Debug|Win32.ActiveCfg = Debug|Win32
		{767C5ABD-E9D5-4B32-87F6-5AC14EAD9A52}.Debug|Win32.Build.0 = Debug|Win32
		{767C5ABD-E9D5-4B32-87F6-5AC14EAD9A52}.Release|Win32.ActiveCfg = Release|Win32
		{767C5ABD-E9D5-4B32-87F6-5AC14EAD9A52}.Release|Win32.Build.0 = Release|Win32
		{28BF6B7F-DFC7-41C8-9B17-469E3EB9295B}.Debug|Win32.ActiveCfg = Debug|Win32
		{28BF6B7F-DFC7-41C8-9B17-469E3EB9295B}.Debug|Win32.Build.0 = Debug|Win32
		{28BF6B7F-DFC7-41C8-9B17-469E3EB9295B}.Release|Win32.ActiveCfg = Release|Win32
		{28BF6B7F-DFC7-41C8-9B17-469E3EB9295B}.Release|Win32.Build.0 = Release|Win32
		{11AD914F-6DCC-4CD5-B9D8-285750E7B3D5}.Debug|Win32.ActiveCfg = Debug|Win32
		{11AD914F-6DCC-4CD5-B9D8-285750E7B3D5}.Debug|Win32.Build.0 = Debug|Win32
		{11AD914F-6DCC-4CD5-B9D8-285750E7B3D5}.Release|Win32.ActiveCfg = Release|Win32
		{11AD914F-6DCC-4CD5-B9D8-285750E7B3D5}.Release|Win32.Build.0 = Release|Win32
	EndGlobalSection
	GlobalSection(SolutionProperties) = preSolution
		HideSolutionNode = FALSE
	EndGlobalSection
EndGlobal
