
Microsoft Visual Studio Solution File, Format Version 12.00
# Visual Studio 15
VisualStudioVersion = 15.0.26430.16
MinimumVisualStudioVersion = 10.0.40219.1
Project("{8BC9CEB8-8B4A-11D0-8D11-00A0C91BC942}") = "openmohaa", "openmohaa.vcxproj", "{A9E3E13B-C83E-48AC-91EA-4942B0FF723A}"
	ProjectSection(ProjectDependencies) = postProject
		{FC6F254C-D08F-4631-A40B-B2CD41509AA2} = {FC6F254C-D08F-4631-A40B-B2CD41509AA2}
	EndProjectSection
EndProject
Project("{8BC9CEB8-8B4A-11D0-8D11-00A0C91BC942}") = "cgame", "..\cgame\cgame.vcxproj", "{D198C7F1-A045-455F-98F1-610AF58541A7}"
EndProject
Project("{8BC9CEB8-8B4A-11D0-8D11-00A0C91BC942}") = "game", "..\game\game.vcxproj", "{FC6F254C-D08F-4631-A40B-B2CD41509AA2}"
EndProject
Project("{2150E333-8FDC-42A3-9474-1A3956D46DE8}") = "Solution Items", "Solution Items", "{5E67F563-FCC8-45EE-96E9-2E6FA0FBD3DA}"
EndProject
Project("{8BC9CEB8-8B4A-11D0-8D11-00A0C91BC942}") = "omohaaded", "..\omohaaded\omohaaded.vcxproj", "{51E338B6-FF7D-45C6-893D-A6DA1CDC3C6E}"
	ProjectSection(ProjectDependencies) = postProject
		{FC6F254C-D08F-4631-A40B-B2CD41509AA2} = {FC6F254C-D08F-4631-A40B-B2CD41509AA2}
	EndProjectSection
EndProject
Project("{8BC9CEB8-8B4A-11D0-8D11-00A0C91BC942}") = "testutils", "..\testutils\testutils.vcxproj", "{B195EFFE-6A33-4315-94B5-A9A0906194D9}"
EndProject
Project("{8BC9CEB8-8B4A-11D0-8D11-00A0C91BC942}") = "cgame_hook", "..\cgame_hook\cgame_hook.vcxproj", "{592A55D2-199C-4550-8BB3-771BCA89C244}"
EndProject
Project("{8BC9CEB8-8B4A-11D0-8D11-00A0C91BC942}") = "FLEX_Bison", "..\FLEX_Bison\FLEX_Bison.vcxproj", "{C43E74A6-EA43-4264-B8E5-F6E4CC9843DC}"
EndProject
Project("{8BC9CEB8-8B4A-11D0-8D11-00A0C91BC942}") = "omohconverter", "..\omohconverter\omohconverter.vcxproj", "{2573DDFC-0576-4766-8A8E-E482035D12AF}"
EndProject
Global
	GlobalSection(SolutionConfigurationPlatforms) = preSolution
		Debug|Mixed Platforms = Debug|Mixed Platforms
		Debug|Win32 = Debug|Win32
		Debug|x64 = Debug|x64
		Release|Mixed Platforms = Release|Mixed Platforms
		Release|Win32 = Release|Win32
		Release|x64 = Release|x64
	EndGlobalSection
	GlobalSection(ProjectConfigurationPlatforms) = postSolution
		{A9E3E13B-C83E-48AC-91EA-4942B0FF723A}.Debug|Mixed Platforms.ActiveCfg = Debug|Win32
		{A9E3E13B-C83E-48AC-91EA-4942B0FF723A}.Debug|Mixed Platforms.Build.0 = Debug|Win32
		{A9E3E13B-C83E-48AC-91EA-4942B0FF723A}.Debug|Win32.ActiveCfg = Debug|Win32
		{A9E3E13B-C83E-48AC-91EA-4942B0FF723A}.Debug|Win32.Build.0 = Debug|Win32
		{A9E3E13B-C83E-48AC-91EA-4942B0FF723A}.Debug|x64.ActiveCfg = Debug|x64
		{A9E3E13B-C83E-48AC-91EA-4942B0FF723A}.Debug|x64.Build.0 = Debug|x64
		{A9E3E13B-C83E-48AC-91EA-4942B0FF723A}.Release|Mixed Platforms.ActiveCfg = Release|Win32
		{A9E3E13B-C83E-48AC-91EA-4942B0FF723A}.Release|Mixed Platforms.Build.0 = Release|Win32
		{A9E3E13B-C83E-48AC-91EA-4942B0FF723A}.Release|Win32.ActiveCfg = Release|Win32
		{A9E3E13B-C83E-48AC-91EA-4942B0FF723A}.Release|Win32.Build.0 = Release|Win32
		{A9E3E13B-C83E-48AC-91EA-4942B0FF723A}.Release|x64.ActiveCfg = Release|x64
		{A9E3E13B-C83E-48AC-91EA-4942B0FF723A}.Release|x64.Build.0 = Release|x64
		{D198C7F1-A045-455F-98F1-610AF58541A7}.Debug|Mixed Platforms.ActiveCfg = Debug|Win32
		{D198C7F1-A045-455F-98F1-610AF58541A7}.Debug|Mixed Platforms.Build.0 = Debug|Win32
		{D198C7F1-A045-455F-98F1-610AF58541A7}.Debug|Win32.ActiveCfg = Debug|Win32
		{D198C7F1-A045-455F-98F1-610AF58541A7}.Debug|Win32.Build.0 = Debug|Win32
		{D198C7F1-A045-455F-98F1-610AF58541A7}.Debug|x64.ActiveCfg = Debug|x64
		{D198C7F1-A045-455F-98F1-610AF58541A7}.Debug|x64.Build.0 = Debug|x64
		{D198C7F1-A045-455F-98F1-610AF58541A7}.Release|Mixed Platforms.ActiveCfg = Release|Win32
		{D198C7F1-A045-455F-98F1-610AF58541A7}.Release|Mixed Platforms.Build.0 = Release|Win32
		{D198C7F1-A045-455F-98F1-610AF58541A7}.Release|Win32.ActiveCfg = Release|Win32
		{D198C7F1-A045-455F-98F1-610AF58541A7}.Release|Win32.Build.0 = Release|Win32
		{D198C7F1-A045-455F-98F1-610AF58541A7}.Release|x64.ActiveCfg = Release|x64
		{D198C7F1-A045-455F-98F1-610AF58541A7}.Release|x64.Build.0 = Release|x64
		{FC6F254C-D08F-4631-A40B-B2CD41509AA2}.Debug|Mixed Platforms.ActiveCfg = Debug|Win32
		{FC6F254C-D08F-4631-A40B-B2CD41509AA2}.Debug|Mixed Platforms.Build.0 = Debug|Win32
		{FC6F254C-D08F-4631-A40B-B2CD41509AA2}.Debug|Win32.ActiveCfg = Debug|Win32
		{FC6F254C-D08F-4631-A40B-B2CD41509AA2}.Debug|Win32.Build.0 = Debug|Win32
		{FC6F254C-D08F-4631-A40B-B2CD41509AA2}.Debug|x64.ActiveCfg = Debug|x64
		{FC6F254C-D08F-4631-A40B-B2CD41509AA2}.Debug|x64.Build.0 = Debug|x64
		{FC6F254C-D08F-4631-A40B-B2CD41509AA2}.Release|Mixed Platforms.ActiveCfg = Release|Win32
		{FC6F254C-D08F-4631-A40B-B2CD41509AA2}.Release|Mixed Platforms.Build.0 = Release|Win32
		{FC6F254C-D08F-4631-A40B-B2CD41509AA2}.Release|Win32.ActiveCfg = Release|Win32
		{FC6F254C-D08F-4631-A40B-B2CD41509AA2}.Release|Win32.Build.0 = Release|Win32
		{FC6F254C-D08F-4631-A40B-B2CD41509AA2}.Release|x64.ActiveCfg = Release|x64
		{FC6F254C-D08F-4631-A40B-B2CD41509AA2}.Release|x64.Build.0 = Release|x64
		{51E338B6-FF7D-45C6-893D-A6DA1CDC3C6E}.Debug|Mixed Platforms.ActiveCfg = Debug|Win32
		{51E338B6-FF7D-45C6-893D-A6DA1CDC3C6E}.Debug|Mixed Platforms.Build.0 = Debug|Win32
		{51E338B6-FF7D-45C6-893D-A6DA1CDC3C6E}.Debug|Win32.ActiveCfg = Debug|Win32
		{51E338B6-FF7D-45C6-893D-A6DA1CDC3C6E}.Debug|Win32.Build.0 = Debug|Win32
		{51E338B6-FF7D-45C6-893D-A6DA1CDC3C6E}.Debug|x64.ActiveCfg = Debug|x64
		{51E338B6-FF7D-45C6-893D-A6DA1CDC3C6E}.Debug|x64.Build.0 = Debug|x64
		{51E338B6-FF7D-45C6-893D-A6DA1CDC3C6E}.Release|Mixed Platforms.ActiveCfg = Release|Win32
		{51E338B6-FF7D-45C6-893D-A6DA1CDC3C6E}.Release|Mixed Platforms.Build.0 = Release|Win32
		{51E338B6-FF7D-45C6-893D-A6DA1CDC3C6E}.Release|Win32.ActiveCfg = Release|Win32
		{51E338B6-FF7D-45C6-893D-A6DA1CDC3C6E}.Release|Win32.Build.0 = Release|Win32
		{51E338B6-FF7D-45C6-893D-A6DA1CDC3C6E}.Release|x64.ActiveCfg = Release|x64
		{51E338B6-FF7D-45C6-893D-A6DA1CDC3C6E}.Release|x64.Build.0 = Release|x64
		{B195EFFE-6A33-4315-94B5-A9A0906194D9}.Debug|Mixed Platforms.ActiveCfg = Debug|Win32
		{B195EFFE-6A33-4315-94B5-A9A0906194D9}.Debug|Mixed Platforms.Build.0 = Debug|Win32
		{B195EFFE-6A33-4315-94B5-A9A0906194D9}.Debug|Win32.ActiveCfg = Debug|Win32
		{B195EFFE-6A33-4315-94B5-A9A0906194D9}.Debug|Win32.Build.0 = Debug|Win32
		{B195EFFE-6A33-4315-94B5-A9A0906194D9}.Debug|x64.ActiveCfg = Debug|x64
		{B195EFFE-6A33-4315-94B5-A9A0906194D9}.Release|Mixed Platforms.ActiveCfg = Release|Win32
		{B195EFFE-6A33-4315-94B5-A9A0906194D9}.Release|Mixed Platforms.Build.0 = Release|Win32
		{B195EFFE-6A33-4315-94B5-A9A0906194D9}.Release|Win32.ActiveCfg = Release|Win32
		{B195EFFE-6A33-4315-94B5-A9A0906194D9}.Release|Win32.Build.0 = Release|Win32
		{B195EFFE-6A33-4315-94B5-A9A0906194D9}.Release|x64.ActiveCfg = Release|x64
		{592A55D2-199C-4550-8BB3-771BCA89C244}.Debug|Mixed Platforms.ActiveCfg = Debug|Win32
		{592A55D2-199C-4550-8BB3-771BCA89C244}.Debug|Mixed Platforms.Build.0 = Debug|Win32
		{592A55D2-199C-4550-8BB3-771BCA89C244}.Debug|Win32.ActiveCfg = Debug|Win32
		{592A55D2-199C-4550-8BB3-771BCA89C244}.Debug|Win32.Build.0 = Debug|Win32
		{592A55D2-199C-4550-8BB3-771BCA89C244}.Debug|x64.ActiveCfg = Debug|Win32
		{592A55D2-199C-4550-8BB3-771BCA89C244}.Release|Mixed Platforms.ActiveCfg = Release|Win32
		{592A55D2-199C-4550-8BB3-771BCA89C244}.Release|Mixed Platforms.Build.0 = Release|Win32
		{592A55D2-199C-4550-8BB3-771BCA89C244}.Release|Win32.ActiveCfg = Release|Win32
		{592A55D2-199C-4550-8BB3-771BCA89C244}.Release|Win32.Build.0 = Release|Win32
		{592A55D2-199C-4550-8BB3-771BCA89C244}.Release|x64.ActiveCfg = Release|Win32
		{C43E74A6-EA43-4264-B8E5-F6E4CC9843DC}.Debug|Mixed Platforms.ActiveCfg = Debug|Win32
		{C43E74A6-EA43-4264-B8E5-F6E4CC9843DC}.Debug|Mixed Platforms.Build.0 = Debug|Win32
		{C43E74A6-EA43-4264-B8E5-F6E4CC9843DC}.Debug|Win32.ActiveCfg = Debug|Win32
		{C43E74A6-EA43-4264-B8E5-F6E4CC9843DC}.Debug|Win32.Build.0 = Debug|Win32
		{C43E74A6-EA43-4264-B8E5-F6E4CC9843DC}.Debug|x64.ActiveCfg = Debug|x64
		{C43E74A6-EA43-4264-B8E5-F6E4CC9843DC}.Release|Mixed Platforms.ActiveCfg = Release|Win32
		{C43E74A6-EA43-4264-B8E5-F6E4CC9843DC}.Release|Mixed Platforms.Build.0 = Release|Win32
		{C43E74A6-EA43-4264-B8E5-F6E4CC9843DC}.Release|Win32.ActiveCfg = Release|Win32
		{C43E74A6-EA43-4264-B8E5-F6E4CC9843DC}.Release|Win32.Build.0 = Release|Win32
		{C43E74A6-EA43-4264-B8E5-F6E4CC9843DC}.Release|x64.ActiveCfg = Release|x64
		{2573DDFC-0576-4766-8A8E-E482035D12AF}.Debug|Mixed Platforms.ActiveCfg = Debug|Win32
		{2573DDFC-0576-4766-8A8E-E482035D12AF}.Debug|Mixed Platforms.Build.0 = Debug|Win32
		{2573DDFC-0576-4766-8A8E-E482035D12AF}.Debug|Win32.ActiveCfg = Debug|Win32
		{2573DDFC-0576-4766-8A8E-E482035D12AF}.Debug|Win32.Build.0 = Debug|Win32
		{2573DDFC-0576-4766-8A8E-E482035D12AF}.Debug|x64.ActiveCfg = Debug|x64
		{2573DDFC-0576-4766-8A8E-E482035D12AF}.Release|Mixed Platforms.ActiveCfg = Release|Win32
		{2573DDFC-0576-4766-8A8E-E482035D12AF}.Release|Mixed Platforms.Build.0 = Release|Win32
		{2573DDFC-0576-4766-8A8E-E482035D12AF}.Release|Win32.ActiveCfg = Release|Win32
		{2573DDFC-0576-4766-8A8E-E482035D12AF}.Release|Win32.Build.0 = Release|Win32
		{2573DDFC-0576-4766-8A8E-E482035D12AF}.Release|x64.ActiveCfg = Release|x64
	EndGlobalSection
	GlobalSection(SolutionProperties) = preSolution
		HideSolutionNode = FALSE
	EndGlobalSection
EndGlobal
