<?xml version="1.0" encoding="utf-8"?>
<Project ToolsVersion="17.0" xmlns="http://schemas.microsoft.com/developer/msbuild/2003">
  <ItemGroup>
    <ClCompile Include="C:\Users\dowee\source\repos\openmohaa\code\recastnavigation\Recast\Source\Recast.cpp">
      <Filter>Source Files</Filter>
    </ClCompile>
    <ClCompile Include="C:\Users\dowee\source\repos\openmohaa\code\recastnavigation\Recast\Source\RecastAlloc.cpp">
      <Filter>Source Files</Filter>
    </ClCompile>
    <ClCompile Include="C:\Users\dowee\source\repos\openmohaa\code\recastnavigation\Recast\Source\RecastArea.cpp">
      <Filter>Source Files</Filter>
    </ClCompile>
    <ClCompile Include="C:\Users\dowee\source\repos\openmohaa\code\recastnavigation\Recast\Source\RecastAssert.cpp">
      <Filter>Source Files</Filter>
    </ClCompile>
    <ClCompile Include="C:\Users\dowee\source\repos\openmohaa\code\recastnavigation\Recast\Source\RecastContour.cpp">
      <Filter>Source Files</Filter>
    </ClCompile>
    <ClCompile Include="C:\Users\dowee\source\repos\openmohaa\code\recastnavigation\Recast\Source\RecastFilter.cpp">
      <Filter>Source Files</Filter>
    </ClCompile>
    <ClCompile Include="C:\Users\dowee\source\repos\openmohaa\code\recastnavigation\Recast\Source\RecastLayers.cpp">
      <Filter>Source Files</Filter>
    </ClCompile>
    <ClCompile Include="C:\Users\dowee\source\repos\openmohaa\code\recastnavigation\Recast\Source\RecastMesh.cpp">
      <Filter>Source Files</Filter>
    </ClCompile>
    <ClCompile Include="C:\Users\dowee\source\repos\openmohaa\code\recastnavigation\Recast\Source\RecastMeshDetail.cpp">
      <Filter>Source Files</Filter>
    </ClCompile>
    <ClCompile Include="C:\Users\dowee\source\repos\openmohaa\code\recastnavigation\Recast\Source\RecastRasterization.cpp">
      <Filter>Source Files</Filter>
    </ClCompile>
    <ClCompile Include="C:\Users\dowee\source\repos\openmohaa\code\recastnavigation\Recast\Source\RecastRegion.cpp">
      <Filter>Source Files</Filter>
    </ClCompile>
  </ItemGroup>
  <ItemGroup>
    <CustomBuild Include="C:\Users\dowee\source\repos\openmohaa\code\recastnavigation\Recast\CMakeLists.txt" />
  </ItemGroup>
  <ItemGroup>
    <Filter Include="Source Files">
      <UniqueIdentifier>{3E01D062-E1C4-33FC-B4CE-44BB45022B3F}</UniqueIdentifier>
    </Filter>
  </ItemGroup>
</Project>
