<?xml version="1.0" encoding="utf-8"?>
<Project ToolsVersion="17.0" xmlns="http://schemas.microsoft.com/developer/msbuild/2003">
  <ItemGroup>
    <ClCompile Include="C:\Users\dowee\source\repos\openmohaa\code\tiki\tiki_anim.cpp">
      <Filter>Source Files</Filter>
    </ClCompile>
    <ClCompile Include="C:\Users\dowee\source\repos\openmohaa\code\tiki\tiki_cache.cpp">
      <Filter>Source Files</Filter>
    </ClCompile>
    <ClCompile Include="C:\Users\dowee\source\repos\openmohaa\code\tiki\tiki_commands.cpp">
      <Filter>Source Files</Filter>
    </ClCompile>
    <ClCompile Include="C:\Users\dowee\source\repos\openmohaa\code\tiki\tiki_files.cpp">
      <Filter>Source Files</Filter>
    </ClCompile>
    <ClCompile Include="C:\Users\dowee\source\repos\openmohaa\code\tiki\tiki_frame.cpp">
      <Filter>Source Files</Filter>
    </ClCompile>
    <ClCompile Include="C:\Users\dowee\source\repos\openmohaa\code\tiki\tiki_imports.cpp">
      <Filter>Source Files</Filter>
    </ClCompile>
    <ClCompile Include="C:\Users\dowee\source\repos\openmohaa\code\tiki\tiki_parse.cpp">
      <Filter>Source Files</Filter>
    </ClCompile>
    <ClCompile Include="C:\Users\dowee\source\repos\openmohaa\code\tiki\tiki_skel.cpp">
      <Filter>Source Files</Filter>
    </ClCompile>
    <ClCompile Include="C:\Users\dowee\source\repos\openmohaa\code\tiki\tiki_surface.cpp">
      <Filter>Source Files</Filter>
    </ClCompile>
    <ClCompile Include="C:\Users\dowee\source\repos\openmohaa\code\tiki\tiki_tag.cpp">
      <Filter>Source Files</Filter>
    </ClCompile>
    <ClCompile Include="C:\Users\dowee\source\repos\openmohaa\code\tiki\tiki_utility.cpp">
      <Filter>Source Files</Filter>
    </ClCompile>
    <ClCompile Include="C:\Users\dowee\source\repos\openmohaa\code\qcommon\tiki_main.cpp">
      <Filter>Source Files</Filter>
    </ClCompile>
    <ClCompile Include="C:\Users\dowee\source\repos\openmohaa\code\qcommon\tiki_script.cpp">
      <Filter>Source Files</Filter>
    </ClCompile>
    <ClCompile Include="C:\Users\dowee\source\repos\openmohaa\code\qcommon\puff.c">
      <Filter>Source Files</Filter>
    </ClCompile>
    <ClCompile Include="C:\Users\dowee\source\repos\openmohaa\code\qcommon\q_math.c">
      <Filter>Source Files</Filter>
    </ClCompile>
    <ClCompile Include="C:\Users\dowee\source\repos\openmohaa\code\qcommon\q_shared.c">
      <Filter>Source Files</Filter>
    </ClCompile>
    <ClCompile Include="C:\Users\dowee\source\repos\openmohaa\code\qcommon\class.cpp">
      <Filter>Source Files</Filter>
    </ClCompile>
    <ClCompile Include="C:\Users\dowee\source\repos\openmohaa\code\qcommon\con_set.cpp">
      <Filter>Source Files</Filter>
    </ClCompile>
    <ClCompile Include="C:\Users\dowee\source\repos\openmohaa\code\qcommon\con_timer.cpp">
      <Filter>Source Files</Filter>
    </ClCompile>
    <ClCompile Include="C:\Users\dowee\source\repos\openmohaa\code\qcommon\delegate.cpp">
      <Filter>Source Files</Filter>
    </ClCompile>
    <ClCompile Include="C:\Users\dowee\source\repos\openmohaa\code\qcommon\lightclass.cpp">
      <Filter>Source Files</Filter>
    </ClCompile>
    <ClCompile Include="C:\Users\dowee\source\repos\openmohaa\code\qcommon\listener.cpp">
      <Filter>Source Files</Filter>
    </ClCompile>
    <ClCompile Include="C:\Users\dowee\source\repos\openmohaa\code\qcommon\lz77.cpp">
      <Filter>Source Files</Filter>
    </ClCompile>
    <ClCompile Include="C:\Users\dowee\source\repos\openmohaa\code\qcommon\mem_blockalloc.cpp">
      <Filter>Source Files</Filter>
    </ClCompile>
    <ClCompile Include="C:\Users\dowee\source\repos\openmohaa\code\qcommon\mem_tempalloc.cpp">
      <Filter>Source Files</Filter>
    </ClCompile>
    <ClCompile Include="C:\Users\dowee\source\repos\openmohaa\code\qcommon\script.cpp">
      <Filter>Source Files</Filter>
    </ClCompile>
    <ClCompile Include="C:\Users\dowee\source\repos\openmohaa\code\qcommon\str.cpp">
      <Filter>Source Files</Filter>
    </ClCompile>
    <ClCompile Include="C:\Users\dowee\source\repos\openmohaa\code\script\scriptexception.cpp">
      <Filter>Source Files</Filter>
    </ClCompile>
    <ClCompile Include="C:\Users\dowee\source\repos\openmohaa\code\script\scriptvariable.cpp">
      <Filter>Source Files</Filter>
    </ClCompile>
  </ItemGroup>
  <ItemGroup>
    <CustomBuild Include="C:\Users\dowee\source\repos\openmohaa\code\tiki\CMakeLists.txt" />
  </ItemGroup>
  <ItemGroup>
    <Filter Include="Source Files">
      <UniqueIdentifier>{3E01D062-E1C4-33FC-B4CE-44BB45022B3F}</UniqueIdentifier>
    </Filter>
  </ItemGroup>
</Project>
