
Microsoft Visual Studio Solution File, Format Version 12.00
# Visual Studio Version 17
Project("{8BC9CEB8-8B4A-11D0-8D11-00A0C91BC942}") = "ALL_BUILD", "ALL_BUILD.vcxproj", "{768DB081-A7B5-3351-911B-0EBD5ED3BC4C}"
	ProjectSection(ProjectDependencies) = postProject
		{9F66EFE0-83A8-3DF9-A74E-145016C9B8AE} = {9F66EFE0-83A8-3DF9-A74E-145016C9B8AE}
		{8A2B28AE-DB55-381A-8996-E0E1DF3B23E9} = {8A2B28AE-DB55-381A-8996-E0E1DF3B23E9}
		{529C78D3-11C1-39F9-B6F5-67327D95AA9F} = {529C78D3-11C1-39F9-B6F5-67327D95AA9F}
		{D62BE901-2640-3850-9609-1954989D7A1B} = {D62BE901-2640-3850-9609-1954989D7A1B}
	EndProjectSection
EndProject
Project("{8BC9CEB8-8B4A-11D0-8D11-00A0C91BC942}") = "INSTALL", "INSTALL.vcxproj", "{C5C03BB5-6638-37E3-8CAA-5F93B1F1F138}"
	ProjectSection(ProjectDependencies) = postProject
		{768DB081-A7B5-3351-911B-0EBD5ED3BC4C} = {768DB081-A7B5-3351-911B-0EBD5ED3BC4C}
		{9F66EFE0-83A8-3DF9-A74E-145016C9B8AE} = {9F66EFE0-83A8-3DF9-A74E-145016C9B8AE}
	EndProjectSection
EndProject
Project("{8BC9CEB8-8B4A-11D0-8D11-00A0C91BC942}") = "ZERO_CHECK", "..\..\\ZERO_CHECK.vcxproj", "{9F66EFE0-83A8-3DF9-A74E-145016C9B8AE}"
	ProjectSection(ProjectDependencies) = postProject
	EndProjectSection
EndProject
Project("{8BC9CEB8-8B4A-11D0-8D11-00A0C91BC942}") = "jpeg8", "jpeg8.vcxproj", "{8A2B28AE-DB55-381A-8996-E0E1DF3B23E9}"
	ProjectSection(ProjectDependencies) = postProject
		{9F66EFE0-83A8-3DF9-A74E-145016C9B8AE} = {9F66EFE0-83A8-3DF9-A74E-145016C9B8AE}
	EndProjectSection
EndProject
Project("{8BC9CEB8-8B4A-11D0-8D11-00A0C91BC942}") = "omohrenderer_common", "omohrenderer_common.vcxproj", "{529C78D3-11C1-39F9-B6F5-67327D95AA9F}"
	ProjectSection(ProjectDependencies) = postProject
		{9F66EFE0-83A8-3DF9-A74E-145016C9B8AE} = {9F66EFE0-83A8-3DF9-A74E-145016C9B8AE}
		{8A2B28AE-DB55-381A-8996-E0E1DF3B23E9} = {8A2B28AE-DB55-381A-8996-E0E1DF3B23E9}
		{9EB2BCDB-F489-3425-9391-9577C334E522} = {9EB2BCDB-F489-3425-9391-9577C334E522}
	EndProjectSection
EndProject
Project("{8BC9CEB8-8B4A-11D0-8D11-00A0C91BC942}") = "omohrenderergl1", "renderergl1\omohrenderergl1.vcxproj", "{D62BE901-2640-3850-9609-1954989D7A1B}"
	ProjectSection(ProjectDependencies) = postProject
		{9F66EFE0-83A8-3DF9-A74E-145016C9B8AE} = {9F66EFE0-83A8-3DF9-A74E-145016C9B8AE}
		{8A2B28AE-DB55-381A-8996-E0E1DF3B23E9} = {8A2B28AE-DB55-381A-8996-E0E1DF3B23E9}
		{529C78D3-11C1-39F9-B6F5-67327D95AA9F} = {529C78D3-11C1-39F9-B6F5-67327D95AA9F}
		{9EB2BCDB-F489-3425-9391-9577C334E522} = {9EB2BCDB-F489-3425-9391-9577C334E522}
	EndProjectSection
EndProject
Project("{8BC9CEB8-8B4A-11D0-8D11-00A0C91BC942}") = "omohsdl_gl", "..\sdl\omohsdl_gl.vcxproj", "{9EB2BCDB-F489-3425-9391-9577C334E522}"
	ProjectSection(ProjectDependencies) = postProject
		{9F66EFE0-83A8-3DF9-A74E-145016C9B8AE} = {9F66EFE0-83A8-3DF9-A74E-145016C9B8AE}
	EndProjectSection
EndProject
Global
	GlobalSection(SolutionConfigurationPlatforms) = preSolution
		Debug|x64 = Debug|x64
		Release|x64 = Release|x64
		MinSizeRel|x64 = MinSizeRel|x64
		RelWithDebInfo|x64 = RelWithDebInfo|x64
	EndGlobalSection
	GlobalSection(ProjectConfigurationPlatforms) = postSolution
		{768DB081-A7B5-3351-911B-0EBD5ED3BC4C}.Debug|x64.ActiveCfg = Debug|x64
		{768DB081-A7B5-3351-911B-0EBD5ED3BC4C}.Debug|x64.Build.0 = Debug|x64
		{768DB081-A7B5-3351-911B-0EBD5ED3BC4C}.Release|x64.ActiveCfg = Release|x64
		{768DB081-A7B5-3351-911B-0EBD5ED3BC4C}.Release|x64.Build.0 = Release|x64
		{768DB081-A7B5-3351-911B-0EBD5ED3BC4C}.MinSizeRel|x64.ActiveCfg = MinSizeRel|x64
		{768DB081-A7B5-3351-911B-0EBD5ED3BC4C}.MinSizeRel|x64.Build.0 = MinSizeRel|x64
		{768DB081-A7B5-3351-911B-0EBD5ED3BC4C}.RelWithDebInfo|x64.ActiveCfg = RelWithDebInfo|x64
		{768DB081-A7B5-3351-911B-0EBD5ED3BC4C}.RelWithDebInfo|x64.Build.0 = RelWithDebInfo|x64
		{C5C03BB5-6638-37E3-8CAA-5F93B1F1F138}.Debug|x64.ActiveCfg = Debug|x64
		{C5C03BB5-6638-37E3-8CAA-5F93B1F1F138}.Release|x64.ActiveCfg = Release|x64
		{C5C03BB5-6638-37E3-8CAA-5F93B1F1F138}.MinSizeRel|x64.ActiveCfg = MinSizeRel|x64
		{C5C03BB5-6638-37E3-8CAA-5F93B1F1F138}.RelWithDebInfo|x64.ActiveCfg = RelWithDebInfo|x64
		{9F66EFE0-83A8-3DF9-A74E-145016C9B8AE}.Debug|x64.ActiveCfg = Debug|x64
		{9F66EFE0-83A8-3DF9-A74E-145016C9B8AE}.Debug|x64.Build.0 = Debug|x64
		{9F66EFE0-83A8-3DF9-A74E-145016C9B8AE}.Release|x64.ActiveCfg = Release|x64
		{9F66EFE0-83A8-3DF9-A74E-145016C9B8AE}.Release|x64.Build.0 = Release|x64
		{9F66EFE0-83A8-3DF9-A74E-145016C9B8AE}.MinSizeRel|x64.ActiveCfg = MinSizeRel|x64
		{9F66EFE0-83A8-3DF9-A74E-145016C9B8AE}.MinSizeRel|x64.Build.0 = MinSizeRel|x64
		{9F66EFE0-83A8-3DF9-A74E-145016C9B8AE}.RelWithDebInfo|x64.ActiveCfg = RelWithDebInfo|x64
		{9F66EFE0-83A8-3DF9-A74E-145016C9B8AE}.RelWithDebInfo|x64.Build.0 = RelWithDebInfo|x64
		{8A2B28AE-DB55-381A-8996-E0E1DF3B23E9}.Debug|x64.ActiveCfg = Debug|x64
		{8A2B28AE-DB55-381A-8996-E0E1DF3B23E9}.Debug|x64.Build.0 = Debug|x64
		{8A2B28AE-DB55-381A-8996-E0E1DF3B23E9}.Release|x64.ActiveCfg = Release|x64
		{8A2B28AE-DB55-381A-8996-E0E1DF3B23E9}.Release|x64.Build.0 = Release|x64
		{8A2B28AE-DB55-381A-8996-E0E1DF3B23E9}.MinSizeRel|x64.ActiveCfg = MinSizeRel|x64
		{8A2B28AE-DB55-381A-8996-E0E1DF3B23E9}.MinSizeRel|x64.Build.0 = MinSizeRel|x64
		{8A2B28AE-DB55-381A-8996-E0E1DF3B23E9}.RelWithDebInfo|x64.ActiveCfg = RelWithDebInfo|x64
		{8A2B28AE-DB55-381A-8996-E0E1DF3B23E9}.RelWithDebInfo|x64.Build.0 = RelWithDebInfo|x64
		{529C78D3-11C1-39F9-B6F5-67327D95AA9F}.Debug|x64.ActiveCfg = Debug|x64
		{529C78D3-11C1-39F9-B6F5-67327D95AA9F}.Debug|x64.Build.0 = Debug|x64
		{529C78D3-11C1-39F9-B6F5-67327D95AA9F}.Release|x64.ActiveCfg = Release|x64
		{529C78D3-11C1-39F9-B6F5-67327D95AA9F}.Release|x64.Build.0 = Release|x64
		{529C78D3-11C1-39F9-B6F5-67327D95AA9F}.MinSizeRel|x64.ActiveCfg = MinSizeRel|x64
		{529C78D3-11C1-39F9-B6F5-67327D95AA9F}.MinSizeRel|x64.Build.0 = MinSizeRel|x64
		{529C78D3-11C1-39F9-B6F5-67327D95AA9F}.RelWithDebInfo|x64.ActiveCfg = RelWithDebInfo|x64
		{529C78D3-11C1-39F9-B6F5-67327D95AA9F}.RelWithDebInfo|x64.Build.0 = RelWithDebInfo|x64
		{D62BE901-2640-3850-9609-1954989D7A1B}.Debug|x64.ActiveCfg = Debug|x64
		{D62BE901-2640-3850-9609-1954989D7A1B}.Debug|x64.Build.0 = Debug|x64
		{D62BE901-2640-3850-9609-1954989D7A1B}.Release|x64.ActiveCfg = Release|x64
		{D62BE901-2640-3850-9609-1954989D7A1B}.Release|x64.Build.0 = Release|x64
		{D62BE901-2640-3850-9609-1954989D7A1B}.MinSizeRel|x64.ActiveCfg = MinSizeRel|x64
		{D62BE901-2640-3850-9609-1954989D7A1B}.MinSizeRel|x64.Build.0 = MinSizeRel|x64
		{D62BE901-2640-3850-9609-1954989D7A1B}.RelWithDebInfo|x64.ActiveCfg = RelWithDebInfo|x64
		{D62BE901-2640-3850-9609-1954989D7A1B}.RelWithDebInfo|x64.Build.0 = RelWithDebInfo|x64
		{9EB2BCDB-F489-3425-9391-9577C334E522}.Debug|x64.ActiveCfg = Debug|x64
		{9EB2BCDB-F489-3425-9391-9577C334E522}.Debug|x64.Build.0 = Debug|x64
		{9EB2BCDB-F489-3425-9391-9577C334E522}.Release|x64.ActiveCfg = Release|x64
		{9EB2BCDB-F489-3425-9391-9577C334E522}.Release|x64.Build.0 = Release|x64
		{9EB2BCDB-F489-3425-9391-9577C334E522}.MinSizeRel|x64.ActiveCfg = MinSizeRel|x64
		{9EB2BCDB-F489-3425-9391-9577C334E522}.MinSizeRel|x64.Build.0 = MinSizeRel|x64
		{9EB2BCDB-F489-3425-9391-9577C334E522}.RelWithDebInfo|x64.ActiveCfg = RelWithDebInfo|x64
		{9EB2BCDB-F489-3425-9391-9577C334E522}.RelWithDebInfo|x64.Build.0 = RelWithDebInfo|x64
	EndGlobalSection
	GlobalSection(ExtensibilityGlobals) = postSolution
		SolutionGuid = {54BF76AF-E85D-3405-ACF6-70BBDAD706FA}
	EndGlobalSection
	GlobalSection(ExtensibilityAddIns) = postSolution
	EndGlobalSection
EndGlobal
