<?xml version="1.0" encoding="utf-8"?>
<Project ToolsVersion="17.0" xmlns="http://schemas.microsoft.com/developer/msbuild/2003">
  <ItemGroup>
    <ClCompile Include="C:\Users\dowee\source\repos\openmohaa\code\cgame\cg_archive.cpp">
      <Filter>Source Files</Filter>
    </ClCompile>
    <ClCompile Include="C:\Users\dowee\source\repos\openmohaa\code\cgame\cg_beam.cpp">
      <Filter>Source Files</Filter>
    </ClCompile>
    <ClCompile Include="C:\Users\dowee\source\repos\openmohaa\code\cgame\cg_commands.cpp">
      <Filter>Source Files</Filter>
    </ClCompile>
    <ClCompile Include="C:\Users\dowee\source\repos\openmohaa\code\cgame\cg_consolecmds.c">
      <Filter>Source Files</Filter>
    </ClCompile>
    <ClCompile Include="C:\Users\dowee\source\repos\openmohaa\code\cgame\cg_drawtools.cpp">
      <Filter>Source Files</Filter>
    </ClCompile>
    <ClCompile Include="C:\Users\dowee\source\repos\openmohaa\code\cgame\cg_ents.c">
      <Filter>Source Files</Filter>
    </ClCompile>
    <ClCompile Include="C:\Users\dowee\source\repos\openmohaa\code\cgame\cg_event.c">
      <Filter>Source Files</Filter>
    </ClCompile>
    <ClCompile Include="C:\Users\dowee\source\repos\openmohaa\code\cgame\cg_lightstyles.cpp">
      <Filter>Source Files</Filter>
    </ClCompile>
    <ClCompile Include="C:\Users\dowee\source\repos\openmohaa\code\cgame\cg_main.c">
      <Filter>Source Files</Filter>
    </ClCompile>
    <ClCompile Include="C:\Users\dowee\source\repos\openmohaa\code\cgame\cg_marks.c">
      <Filter>Source Files</Filter>
    </ClCompile>
    <ClCompile Include="C:\Users\dowee\source\repos\openmohaa\code\cgame\cg_modelanim.c">
      <Filter>Source Files</Filter>
    </ClCompile>
    <ClCompile Include="C:\Users\dowee\source\repos\openmohaa\code\cgame\cg_nature.cpp">
      <Filter>Source Files</Filter>
    </ClCompile>
    <ClCompile Include="C:\Users\dowee\source\repos\openmohaa\code\cgame\cg_parsemsg.cpp">
      <Filter>Source Files</Filter>
    </ClCompile>
    <ClCompile Include="C:\Users\dowee\source\repos\openmohaa\code\cgame\cg_player.cpp">
      <Filter>Source Files</Filter>
    </ClCompile>
    <ClCompile Include="C:\Users\dowee\source\repos\openmohaa\code\cgame\cg_playerstate.c">
      <Filter>Source Files</Filter>
    </ClCompile>
    <ClCompile Include="C:\Users\dowee\source\repos\openmohaa\code\cgame\cg_predict.c">
      <Filter>Source Files</Filter>
    </ClCompile>
    <ClCompile Include="C:\Users\dowee\source\repos\openmohaa\code\cgame\cg_radar.cpp">
      <Filter>Source Files</Filter>
    </ClCompile>
    <ClCompile Include="C:\Users\dowee\source\repos\openmohaa\code\cgame\cg_scoreboard.cpp">
      <Filter>Source Files</Filter>
    </ClCompile>
    <ClCompile Include="C:\Users\dowee\source\repos\openmohaa\code\cgame\cg_servercmds.c">
      <Filter>Source Files</Filter>
    </ClCompile>
    <ClCompile Include="C:\Users\dowee\source\repos\openmohaa\code\cgame\cg_servercmds_filter.cpp">
      <Filter>Source Files</Filter>
    </ClCompile>
    <ClCompile Include="C:\Users\dowee\source\repos\openmohaa\code\cgame\cg_snapshot.c">
      <Filter>Source Files</Filter>
    </ClCompile>
    <ClCompile Include="C:\Users\dowee\source\repos\openmohaa\code\cgame\cg_sound.cpp">
      <Filter>Source Files</Filter>
    </ClCompile>
    <ClCompile Include="C:\Users\dowee\source\repos\openmohaa\code\cgame\cg_specialfx.cpp">
      <Filter>Source Files</Filter>
    </ClCompile>
    <ClCompile Include="C:\Users\dowee\source\repos\openmohaa\code\cgame\cg_swipe.cpp">
      <Filter>Source Files</Filter>
    </ClCompile>
    <ClCompile Include="C:\Users\dowee\source\repos\openmohaa\code\cgame\cg_tempmodels.cpp">
      <Filter>Source Files</Filter>
    </ClCompile>
    <ClCompile Include="C:\Users\dowee\source\repos\openmohaa\code\cgame\cg_testemitter.cpp">
      <Filter>Source Files</Filter>
    </ClCompile>
    <ClCompile Include="C:\Users\dowee\source\repos\openmohaa\code\cgame\cg_ui.cpp">
      <Filter>Source Files</Filter>
    </ClCompile>
    <ClCompile Include="C:\Users\dowee\source\repos\openmohaa\code\cgame\cg_vehicle.cpp">
      <Filter>Source Files</Filter>
    </ClCompile>
    <ClCompile Include="C:\Users\dowee\source\repos\openmohaa\code\cgame\cg_view.c">
      <Filter>Source Files</Filter>
    </ClCompile>
    <ClCompile Include="C:\Users\dowee\source\repos\openmohaa\code\cgame\cg_viewmodelanim.c">
      <Filter>Source Files</Filter>
    </ClCompile>
    <ClCompile Include="C:\Users\dowee\source\repos\openmohaa\code\cgame\cg_volumetricsmoke.cpp">
      <Filter>Source Files</Filter>
    </ClCompile>
    <ClCompile Include="C:\Users\dowee\source\repos\openmohaa\code\cgame\memarchiver.cpp">
      <Filter>Source Files</Filter>
    </ClCompile>
    <ClCompile Include="C:\Users\dowee\source\repos\openmohaa\code\fgame\bg_misc.cpp">
      <Filter>Source Files</Filter>
    </ClCompile>
    <ClCompile Include="C:\Users\dowee\source\repos\openmohaa\code\fgame\bg_pmove.cpp">
      <Filter>Source Files</Filter>
    </ClCompile>
    <ClCompile Include="C:\Users\dowee\source\repos\openmohaa\code\fgame\bg_slidemove.cpp">
      <Filter>Source Files</Filter>
    </ClCompile>
    <ClCompile Include="C:\Users\dowee\source\repos\openmohaa\code\fgame\bg_voteoptions.cpp">
      <Filter>Source Files</Filter>
    </ClCompile>
    <ClCompile Include="C:\Users\dowee\source\repos\openmohaa\code\qcommon\puff.c">
      <Filter>Source Files</Filter>
    </ClCompile>
    <ClCompile Include="C:\Users\dowee\source\repos\openmohaa\code\qcommon\q_math.c">
      <Filter>Source Files</Filter>
    </ClCompile>
    <ClCompile Include="C:\Users\dowee\source\repos\openmohaa\code\qcommon\q_shared.c">
      <Filter>Source Files</Filter>
    </ClCompile>
    <ClCompile Include="C:\Users\dowee\source\repos\openmohaa\code\qcommon\class.cpp">
      <Filter>Source Files</Filter>
    </ClCompile>
    <ClCompile Include="C:\Users\dowee\source\repos\openmohaa\code\qcommon\con_set.cpp">
      <Filter>Source Files</Filter>
    </ClCompile>
    <ClCompile Include="C:\Users\dowee\source\repos\openmohaa\code\qcommon\con_timer.cpp">
      <Filter>Source Files</Filter>
    </ClCompile>
    <ClCompile Include="C:\Users\dowee\source\repos\openmohaa\code\qcommon\delegate.cpp">
      <Filter>Source Files</Filter>
    </ClCompile>
    <ClCompile Include="C:\Users\dowee\source\repos\openmohaa\code\qcommon\lightclass.cpp">
      <Filter>Source Files</Filter>
    </ClCompile>
    <ClCompile Include="C:\Users\dowee\source\repos\openmohaa\code\qcommon\listener.cpp">
      <Filter>Source Files</Filter>
    </ClCompile>
    <ClCompile Include="C:\Users\dowee\source\repos\openmohaa\code\qcommon\lz77.cpp">
      <Filter>Source Files</Filter>
    </ClCompile>
    <ClCompile Include="C:\Users\dowee\source\repos\openmohaa\code\qcommon\mem_blockalloc.cpp">
      <Filter>Source Files</Filter>
    </ClCompile>
    <ClCompile Include="C:\Users\dowee\source\repos\openmohaa\code\qcommon\mem_tempalloc.cpp">
      <Filter>Source Files</Filter>
    </ClCompile>
    <ClCompile Include="C:\Users\dowee\source\repos\openmohaa\code\qcommon\script.cpp">
      <Filter>Source Files</Filter>
    </ClCompile>
    <ClCompile Include="C:\Users\dowee\source\repos\openmohaa\code\qcommon\str.cpp">
      <Filter>Source Files</Filter>
    </ClCompile>
    <ClCompile Include="C:\Users\dowee\source\repos\openmohaa\code\script\scriptexception.cpp">
      <Filter>Source Files</Filter>
    </ClCompile>
    <ClCompile Include="C:\Users\dowee\source\repos\openmohaa\code\script\scriptvariable.cpp">
      <Filter>Source Files</Filter>
    </ClCompile>
  </ItemGroup>
  <ItemGroup>
    <CustomBuild Include="C:\Users\dowee\source\repos\openmohaa\code\cgame\CMakeLists.txt" />
  </ItemGroup>
  <ItemGroup>
    <Filter Include="Source Files">
      <UniqueIdentifier>{3E01D062-E1C4-33FC-B4CE-44BB45022B3F}</UniqueIdentifier>
    </Filter>
  </ItemGroup>
</Project>
